
Microsoft Visual Studio Solution File, Format Version 12.00
# Visual Studio Version 17
VisualStudioVersion = 17.2.32526.322
MinimumVisualStudioVersion = 10.0.40219.1
Project("{8BC9CEB8-8B4A-11D0-8D11-00A0C91BC942}") = "electricity bill . cpp", "electricity bill . cpp\electricity bill . cpp.vcxproj", "{E829005D-07D3-4407-B815-56B51D62426F}"
EndProject
Global
	GlobalSection(SolutionConfigurationPlatforms) = preSolution
		Debug|x64 = Debug|x64
		Debug|x86 = Debug|x86
		Release|x64 = Release|x64
		Release|x86 = Release|x86
	EndGlobalSection
	GlobalSection(ProjectConfigurationPlatforms) = postSolution
		{E829005D-07D3-4407-B815-56B51D62426F}.Debug|x64.ActiveCfg = Debug|x64
		{E829005D-07D3-4407-B815-56B51D62426F}.Debug|x64.Build.0 = Debug|x64
		{E829005D-07D3-4407-B815-56B51D62426F}.Debug|x86.ActiveCfg = Debug|Win32
		{E829005D-07D3-4407-B815-56B51D62426F}.Debug|x86.Build.0 = Debug|Win32
		{E829005D-07D3-4407-B815-56B51D62426F}.Release|x64.ActiveCfg = Release|x64
		{E829005D-07D3-4407-B815-56B51D62426F}.Release|x64.Build.0 = Release|x64
		{E829005D-07D3-4407-B815-56B51D62426F}.Release|x86.ActiveCfg = Release|Win32
		{E829005D-07D3-4407-B815-56B51D62426F}.Release|x86.Build.0 = Release|Win32
	EndGlobalSection
	GlobalSection(SolutionProperties) = preSolution
		HideSolutionNode = FALSE
	EndGlobalSection
	GlobalSection(ExtensibilityGlobals) = postSolution
		SolutionGuid = {3FE91F51-F5EA-451D-B2F2-1AB5AA1AE3E9}
	EndGlobalSection
EndGlobal
